
Microsoft Visual Studio Solution File, Format Version 12.00
# Visual Studio Version 16
VisualStudioVersion = 16.0.28803.202
MinimumVisualStudioVersion = 10.0.40219.1
Project("{8BC9CEB8-8B4A-11D0-8D11-00A0C91BC942}") = "LR06", "LR06\LR06.vcxproj", "{A7272CC1-A6DB-474D-9E9F-65E3911626DC}"
EndProject
Project("{8BC9CEB8-8B4A-11D0-8D11-00A0C91BC942}") = "MyDLL", "MyDLL\MyDLL.vcxproj", "{7656E5C7-AE86-48FF-9423-F917C2515093}"
EndProject
Global
	GlobalSection(SolutionConfigurationPlatforms) = preSolution
		Debug|x64 = Debug|x64
		Debug|x86 = Debug|x86
		Release|x64 = Release|x64
		Release|x86 = Release|x86
	EndGlobalSection
	GlobalSection(ProjectConfigurationPlatforms) = postSolution
		{A7272CC1-A6DB-474D-9E9F-65E3911626DC}.Debug|x64.ActiveCfg = Debug|x64
		{A7272CC1-A6DB-474D-9E9F-65E3911626DC}.Debug|x64.Build.0 = Debug|x64
		{A7272CC1-A6DB-474D-9E9F-65E3911626DC}.Debug|x86.ActiveCfg = Debug|Win32
		{A7272CC1-A6DB-474D-9E9F-65E3911626DC}.Debug|x86.Build.0 = Debug|Win32
		{A7272CC1-A6DB-474D-9E9F-65E3911626DC}.Release|x64.ActiveCfg = Release|x64
		{A7272CC1-A6DB-474D-9E9F-65E3911626DC}.Release|x64.Build.0 = Release|x64
		{A7272CC1-A6DB-474D-9E9F-65E3911626DC}.Release|x86.ActiveCfg = Release|Win32
		{A7272CC1-A6DB-474D-9E9F-65E3911626DC}.Release|x86.Build.0 = Release|Win32
		{7656E5C7-AE86-48FF-9423-F917C2515093}.Debug|x64.ActiveCfg = Debug|x64
		{7656E5C7-AE86-48FF-9423-F917C2515093}.Debug|x64.Build.0 = Debug|x64
		{7656E5C7-AE86-48FF-9423-F917C2515093}.Debug|x86.ActiveCfg = Debug|Win32
		{7656E5C7-AE86-48FF-9423-F917C2515093}.Debug|x86.Build.0 = Debug|Win32
		{7656E5C7-AE86-48FF-9423-F917C2515093}.Release|x64.ActiveCfg = Release|x64
		{7656E5C7-AE86-48FF-9423-F917C2515093}.Release|x64.Build.0 = Release|x64
		{7656E5C7-AE86-48FF-9423-F917C2515093}.Release|x86.ActiveCfg = Release|Win32
		{7656E5C7-AE86-48FF-9423-F917C2515093}.Release|x86.Build.0 = Release|Win32
	EndGlobalSection
	GlobalSection(SolutionProperties) = preSolution
		HideSolutionNode = FALSE
	EndGlobalSection
	GlobalSection(ExtensibilityGlobals) = postSolution
		SolutionGuid = {B451667B-F072-48CA-ADEB-9D20BFB0F089}
	EndGlobalSection
EndGlobal
