
Microsoft Visual Studio Solution File, Format Version 12.00
# Visual Studio Version 16
VisualStudioVersion = 16.0.28803.202
MinimumVisualStudioVersion = 10.0.40219.1
Project("{8BC9CEB8-8B4A-11D0-8D11-00A0C91BC942}") = "LR01", "LR01\LR01.vcxproj", "{44F6FFB9-C9FA-4FBB-A27C-0373F0B04915}"
EndProject
Global
	GlobalSection(SolutionConfigurationPlatforms) = preSolution
		Debug|x64 = Debug|x64
		Debug|x86 = Debug|x86
		Release|x64 = Release|x64
		Release|x86 = Release|x86
	EndGlobalSection
	GlobalSection(ProjectConfigurationPlatforms) = postSolution
		{44F6FFB9-C9FA-4FBB-A27C-0373F0B04915}.Debug|x64.ActiveCfg = Debug|x64
		{44F6FFB9-C9FA-4FBB-A27C-0373F0B04915}.Debug|x64.Build.0 = Debug|x64
		{44F6FFB9-C9FA-4FBB-A27C-0373F0B04915}.Debug|x86.ActiveCfg = Debug|Win32
		{44F6FFB9-C9FA-4FBB-A27C-0373F0B04915}.Debug|x86.Build.0 = Debug|Win32
		{44F6FFB9-C9FA-4FBB-A27C-0373F0B04915}.Release|x64.ActiveCfg = Release|x64
		{44F6FFB9-C9FA-4FBB-A27C-0373F0B04915}.Release|x64.Build.0 = Release|x64
		{44F6FFB9-C9FA-4FBB-A27C-0373F0B04915}.Release|x86.ActiveCfg = Release|Win32
		{44F6FFB9-C9FA-4FBB-A27C-0373F0B04915}.Release|x86.Build.0 = Release|Win32
	EndGlobalSection
	GlobalSection(SolutionProperties) = preSolution
		HideSolutionNode = FALSE
	EndGlobalSection
	GlobalSection(ExtensibilityGlobals) = postSolution
		SolutionGuid = {284A1442-0ACB-4291-9FD7-606F2E057CA5}
	EndGlobalSection
EndGlobal
